
Microsoft Visual Studio Solution File, Format Version 12.00
# Visual Studio 2012
Project("{FAE04EC0-301F-11D3-BF4B-00C04F79EFBC}") = "ChattMob", "ChattMob\ChattMob.csproj", "{DB5C3E82-696A-4F1F-9C08-A8A09984D0B9}"
EndProject
Global
	GlobalSection(SolutionConfigurationPlatforms) = preSolution
		Debug|Any CPU = Debug|Any CPU
		Release|Any CPU = Release|Any CPU
	EndGlobalSection
	GlobalSection(ProjectConfigurationPlatforms) = postSolution
		{DB5C3E82-696A-4F1F-9C08-A8A09984D0B9}.Debug|Any CPU.ActiveCfg = Debug|Any CPU
		{DB5C3E82-696A-4F1F-9C08-A8A09984D0B9}.Debug|Any CPU.Build.0 = Debug|Any CPU
		{DB5C3E82-696A-4F1F-9C08-A8A09984D0B9}.Release|Any CPU.ActiveCfg = Release|Any CPU
		{DB5C3E82-696A-4F1F-9C08-A8A09984D0B9}.Release|Any CPU.Build.0 = Release|Any CPU
	EndGlobalSection
	GlobalSection(SolutionProperties) = preSolution
		HideSolutionNode = FALSE
	EndGlobalSection
EndGlobal
